
Microsoft Visual Studio Solution File, Format Version 12.00
# Visual Studio Version 17
VisualStudioVersion = 17.8.34525.116
MinimumVisualStudioVersion = 10.0.40219.1
Project("{FAE04EC0-301F-11D3-BF4B-00C04F79EFBC}") = "Strategy", "Strategy\Strategy.csproj", "{D84940B6-3F0F-4673-A399-8F0E17E4CAE6}"
EndProject
Global
	GlobalSection(SolutionConfigurationPlatforms) = preSolution
		Debug|Any CPU = Debug|Any CPU
		Release|Any CPU = Release|Any CPU
	EndGlobalSection
	GlobalSection(ProjectConfigurationPlatforms) = postSolution
		{D84940B6-3F0F-4673-A399-8F0E17E4CAE6}.Debug|Any CPU.ActiveCfg = Debug|Any CPU
		{D84940B6-3F0F-4673-A399-8F0E17E4CAE6}.Debug|Any CPU.Build.0 = Debug|Any CPU
		{D84940B6-3F0F-4673-A399-8F0E17E4CAE6}.Release|Any CPU.ActiveCfg = Release|Any CPU
		{D84940B6-3F0F-4673-A399-8F0E17E4CAE6}.Release|Any CPU.Build.0 = Release|Any CPU
	EndGlobalSection
	GlobalSection(SolutionProperties) = preSolution
		HideSolutionNode = FALSE
	EndGlobalSection
	GlobalSection(ExtensibilityGlobals) = postSolution
		SolutionGuid = {14492FD6-3E71-4828-A981-5A80EB24FF50}
	EndGlobalSection
EndGlobal
